
Microsoft Visual Studio Solution File, Format Version 12.00
# Visual Studio 2012
Project("{FAE04EC0-301F-11D3-BF4B-00C04F79EFBC}") = "RuntimePInvoke", "RuntimePInvoke\RuntimePInvoke.csproj", "{4D319EE9-A77E-4F5B-B4F9-0ADE705B77E5}"
EndProject
Project("{FAE04EC0-301F-11D3-BF4B-00C04F79EFBC}") = "Test", "Test\Test.csproj", "{CDB61314-629D-4B68-925E-A79D2FA7E6FF}"
EndProject
Global
	GlobalSection(SolutionConfigurationPlatforms) = preSolution
		Debug|Any CPU = Debug|Any CPU
		Release|Any CPU = Release|Any CPU
	EndGlobalSection
	GlobalSection(ProjectConfigurationPlatforms) = postSolution
		{4D319EE9-A77E-4F5B-B4F9-0ADE705B77E5}.Debug|Any CPU.ActiveCfg = Debug|Any CPU
		{4D319EE9-A77E-4F5B-B4F9-0ADE705B77E5}.Debug|Any CPU.Build.0 = Debug|Any CPU
		{4D319EE9-A77E-4F5B-B4F9-0ADE705B77E5}.Release|Any CPU.ActiveCfg = Release|Any CPU
		{4D319EE9-A77E-4F5B-B4F9-0ADE705B77E5}.Release|Any CPU.Build.0 = Release|Any CPU
		{CDB61314-629D-4B68-925E-A79D2FA7E6FF}.Debug|Any CPU.ActiveCfg = Debug|Any CPU
		{CDB61314-629D-4B68-925E-A79D2FA7E6FF}.Debug|Any CPU.Build.0 = Debug|Any CPU
		{CDB61314-629D-4B68-925E-A79D2FA7E6FF}.Release|Any CPU.ActiveCfg = Release|Any CPU
		{CDB61314-629D-4B68-925E-A79D2FA7E6FF}.Release|Any CPU.Build.0 = Release|Any CPU
	EndGlobalSection
	GlobalSection(SolutionProperties) = preSolution
		HideSolutionNode = FALSE
	EndGlobalSection
EndGlobal
